
Microsoft Visual Studio Solution File, Format Version 12.00
# Visual Studio Version 16
VisualStudioVersion = 16.0.29123.88
MinimumVisualStudioVersion = 10.0.40219.1
Project("{FAE04EC0-301F-11D3-BF4B-00C04F79EFBC}") = "TodoListLib", "TodoListLib\TodoListLib.csproj", "{4E4B7004-11D7-4FC3-A065-4F7757745378}"
EndProject
Project("{FAE04EC0-301F-11D3-BF4B-00C04F79EFBC}") = "EditorHost", "EditorHost\EditorHost.csproj", "{052B76FD-8636-425E-8415-8F0B1952DF39}"
EndProject
Project("{FAE04EC0-301F-11D3-BF4B-00C04F79EFBC}") = "Client", "Client\Client.csproj", "{75F0830A-6CD2-4FC0-AD5C-CBBC1C556F45}"
EndProject
Project("{FAE04EC0-301F-11D3-BF4B-00C04F79EFBC}") = "TodoListDesktop", "TodoListDesktop\TodoListDesktop.csproj", "{9F70C2CB-0069-494B-925E-D69582BE8B4F}"
	ProjectSection(ProjectDependencies) = postProject
		{4E4B7004-11D7-4FC3-A065-4F7757745378} = {4E4B7004-11D7-4FC3-A065-4F7757745378}
	EndProjectSection
EndProject
Global
	GlobalSection(SolutionConfigurationPlatforms) = preSolution
		Debug|Any CPU = Debug|Any CPU
		Release|Any CPU = Release|Any CPU
	EndGlobalSection
	GlobalSection(ProjectConfigurationPlatforms) = postSolution
		{4E4B7004-11D7-4FC3-A065-4F7757745378}.Debug|Any CPU.ActiveCfg = Debug|Any CPU
		{4E4B7004-11D7-4FC3-A065-4F7757745378}.Debug|Any CPU.Build.0 = Debug|Any CPU
		{4E4B7004-11D7-4FC3-A065-4F7757745378}.Release|Any CPU.ActiveCfg = Release|Any CPU
		{4E4B7004-11D7-4FC3-A065-4F7757745378}.Release|Any CPU.Build.0 = Release|Any CPU
		{052B76FD-8636-425E-8415-8F0B1952DF39}.Debug|Any CPU.ActiveCfg = Debug|Any CPU
		{052B76FD-8636-425E-8415-8F0B1952DF39}.Debug|Any CPU.Build.0 = Debug|Any CPU
		{052B76FD-8636-425E-8415-8F0B1952DF39}.Release|Any CPU.ActiveCfg = Release|Any CPU
		{052B76FD-8636-425E-8415-8F0B1952DF39}.Release|Any CPU.Build.0 = Release|Any CPU
		{75F0830A-6CD2-4FC0-AD5C-CBBC1C556F45}.Debug|Any CPU.ActiveCfg = Debug|Any CPU
		{75F0830A-6CD2-4FC0-AD5C-CBBC1C556F45}.Debug|Any CPU.Build.0 = Debug|Any CPU
		{75F0830A-6CD2-4FC0-AD5C-CBBC1C556F45}.Release|Any CPU.ActiveCfg = Release|Any CPU
		{75F0830A-6CD2-4FC0-AD5C-CBBC1C556F45}.Release|Any CPU.Build.0 = Release|Any CPU
		{9F70C2CB-0069-494B-925E-D69582BE8B4F}.Debug|Any CPU.ActiveCfg = Debug|Any CPU
		{9F70C2CB-0069-494B-925E-D69582BE8B4F}.Debug|Any CPU.Build.0 = Debug|Any CPU
		{9F70C2CB-0069-494B-925E-D69582BE8B4F}.Release|Any CPU.ActiveCfg = Release|Any CPU
		{9F70C2CB-0069-494B-925E-D69582BE8B4F}.Release|Any CPU.Build.0 = Release|Any CPU
	EndGlobalSection
	GlobalSection(SolutionProperties) = preSolution
		HideSolutionNode = FALSE
	EndGlobalSection
	GlobalSection(ExtensibilityGlobals) = postSolution
		SolutionGuid = {6A30A49F-C04E-424C-B893-387689C2A0C2}
	EndGlobalSection
EndGlobal
